
Microsoft Visual Studio Solution File, Format Version 12.00
# Visual Studio Version 16
VisualStudioVersion = 16.0.30907.101
MinimumVisualStudioVersion = 10.0.40219.1
Project("{9A19103F-16F7-4668-BE54-9A1E7A4F7556}") = "task2", "task2\task2.csproj", "{7768479D-EA68-4406-BBE2-BA528B40D8BB}"
EndProject
Project("{FAE04EC0-301F-11D3-BF4B-00C04F79EFBC}") = "task3", "task3\task3.csproj", "{939F268F-0032-4661-8FFF-9358A23F78AF}"
EndProject
Project("{FAE04EC0-301F-11D3-BF4B-00C04F79EFBC}") = "task4", "task4\task4.csproj", "{789E90B5-DE8B-4502-846B-3E3DD4199D85}"
EndProject
Project("{FAE04EC0-301F-11D3-BF4B-00C04F79EFBC}") = "additionaltask", "additionaltask\additionaltask.csproj", "{CDABEF7C-898A-4FA6-BFE5-BECDD8A3A51A}"
EndProject
Global
	GlobalSection(SolutionConfigurationPlatforms) = preSolution
		Debug|Any CPU = Debug|Any CPU
		Release|Any CPU = Release|Any CPU
	EndGlobalSection
	GlobalSection(ProjectConfigurationPlatforms) = postSolution
		{7768479D-EA68-4406-BBE2-BA528B40D8BB}.Debug|Any CPU.ActiveCfg = Debug|Any CPU
		{7768479D-EA68-4406-BBE2-BA528B40D8BB}.Debug|Any CPU.Build.0 = Debug|Any CPU
		{7768479D-EA68-4406-BBE2-BA528B40D8BB}.Release|Any CPU.ActiveCfg = Release|Any CPU
		{7768479D-EA68-4406-BBE2-BA528B40D8BB}.Release|Any CPU.Build.0 = Release|Any CPU
		{939F268F-0032-4661-8FFF-9358A23F78AF}.Debug|Any CPU.ActiveCfg = Debug|Any CPU
		{939F268F-0032-4661-8FFF-9358A23F78AF}.Debug|Any CPU.Build.0 = Debug|Any CPU
		{939F268F-0032-4661-8FFF-9358A23F78AF}.Release|Any CPU.ActiveCfg = Release|Any CPU
		{939F268F-0032-4661-8FFF-9358A23F78AF}.Release|Any CPU.Build.0 = Release|Any CPU
		{789E90B5-DE8B-4502-846B-3E3DD4199D85}.Debug|Any CPU.ActiveCfg = Debug|Any CPU
		{789E90B5-DE8B-4502-846B-3E3DD4199D85}.Debug|Any CPU.Build.0 = Debug|Any CPU
		{789E90B5-DE8B-4502-846B-3E3DD4199D85}.Release|Any CPU.ActiveCfg = Release|Any CPU
		{789E90B5-DE8B-4502-846B-3E3DD4199D85}.Release|Any CPU.Build.0 = Release|Any CPU
		{CDABEF7C-898A-4FA6-BFE5-BECDD8A3A51A}.Debug|Any CPU.ActiveCfg = Debug|Any CPU
		{CDABEF7C-898A-4FA6-BFE5-BECDD8A3A51A}.Debug|Any CPU.Build.0 = Debug|Any CPU
		{CDABEF7C-898A-4FA6-BFE5-BECDD8A3A51A}.Release|Any CPU.ActiveCfg = Release|Any CPU
		{CDABEF7C-898A-4FA6-BFE5-BECDD8A3A51A}.Release|Any CPU.Build.0 = Release|Any CPU
	EndGlobalSection
	GlobalSection(SolutionProperties) = preSolution
		HideSolutionNode = FALSE
	EndGlobalSection
	GlobalSection(ExtensibilityGlobals) = postSolution
		SolutionGuid = {A60CA587-6FB1-420A-82DE-17B4301E7941}
	EndGlobalSection
EndGlobal
