
Microsoft Visual Studio Solution File, Format Version 12.00
# Visual Studio Version 16
VisualStudioVersion = 16.0.30907.101
MinimumVisualStudioVersion = 10.0.40219.1
Project("{FAE04EC0-301F-11D3-BF4B-00C04F79EFBC}") = "task2", "task2\task2.csproj", "{65179175-A8FF-42D5-A199-8E47BF6D55D9}"
EndProject
Project("{FAE04EC0-301F-11D3-BF4B-00C04F79EFBC}") = "task3", "task3\task3.csproj", "{4481D7AE-2950-4E22-8E97-2D241CA220C3}"
EndProject
Project("{FAE04EC0-301F-11D3-BF4B-00C04F79EFBC}") = "task4", "task4\task4.csproj", "{A5A3CDD8-A03F-4AA9-9195-EFF481556443}"
EndProject
Project("{FAE04EC0-301F-11D3-BF4B-00C04F79EFBC}") = "additionaltask1", "additionaltask1\additionaltask1.csproj", "{23F54C5C-B281-49A2-BE3C-6D670E08A9D9}"
EndProject
Project("{FAE04EC0-301F-11D3-BF4B-00C04F79EFBC}") = "additionaltask2", "additionaltask2\additionaltask2.csproj", "{572A8762-A025-4285-B739-C15CCC2784C9}"
EndProject
Global
	GlobalSection(SolutionConfigurationPlatforms) = preSolution
		Debug|Any CPU = Debug|Any CPU
		Release|Any CPU = Release|Any CPU
	EndGlobalSection
	GlobalSection(ProjectConfigurationPlatforms) = postSolution
		{65179175-A8FF-42D5-A199-8E47BF6D55D9}.Debug|Any CPU.ActiveCfg = Debug|Any CPU
		{65179175-A8FF-42D5-A199-8E47BF6D55D9}.Debug|Any CPU.Build.0 = Debug|Any CPU
		{65179175-A8FF-42D5-A199-8E47BF6D55D9}.Release|Any CPU.ActiveCfg = Release|Any CPU
		{65179175-A8FF-42D5-A199-8E47BF6D55D9}.Release|Any CPU.Build.0 = Release|Any CPU
		{4481D7AE-2950-4E22-8E97-2D241CA220C3}.Debug|Any CPU.ActiveCfg = Debug|Any CPU
		{4481D7AE-2950-4E22-8E97-2D241CA220C3}.Debug|Any CPU.Build.0 = Debug|Any CPU
		{4481D7AE-2950-4E22-8E97-2D241CA220C3}.Release|Any CPU.ActiveCfg = Release|Any CPU
		{4481D7AE-2950-4E22-8E97-2D241CA220C3}.Release|Any CPU.Build.0 = Release|Any CPU
		{A5A3CDD8-A03F-4AA9-9195-EFF481556443}.Debug|Any CPU.ActiveCfg = Debug|Any CPU
		{A5A3CDD8-A03F-4AA9-9195-EFF481556443}.Debug|Any CPU.Build.0 = Debug|Any CPU
		{A5A3CDD8-A03F-4AA9-9195-EFF481556443}.Release|Any CPU.ActiveCfg = Release|Any CPU
		{A5A3CDD8-A03F-4AA9-9195-EFF481556443}.Release|Any CPU.Build.0 = Release|Any CPU
		{23F54C5C-B281-49A2-BE3C-6D670E08A9D9}.Debug|Any CPU.ActiveCfg = Debug|Any CPU
		{23F54C5C-B281-49A2-BE3C-6D670E08A9D9}.Debug|Any CPU.Build.0 = Debug|Any CPU
		{23F54C5C-B281-49A2-BE3C-6D670E08A9D9}.Release|Any CPU.ActiveCfg = Release|Any CPU
		{23F54C5C-B281-49A2-BE3C-6D670E08A9D9}.Release|Any CPU.Build.0 = Release|Any CPU
		{572A8762-A025-4285-B739-C15CCC2784C9}.Debug|Any CPU.ActiveCfg = Debug|Any CPU
		{572A8762-A025-4285-B739-C15CCC2784C9}.Debug|Any CPU.Build.0 = Debug|Any CPU
		{572A8762-A025-4285-B739-C15CCC2784C9}.Release|Any CPU.ActiveCfg = Release|Any CPU
		{572A8762-A025-4285-B739-C15CCC2784C9}.Release|Any CPU.Build.0 = Release|Any CPU
	EndGlobalSection
	GlobalSection(SolutionProperties) = preSolution
		HideSolutionNode = FALSE
	EndGlobalSection
	GlobalSection(ExtensibilityGlobals) = postSolution
		SolutionGuid = {92AB630A-4D38-42B3-B7AD-E32E2C2D6E5B}
	EndGlobalSection
EndGlobal
